{
  "name": "parquet-test",
  "version": "1.0.0",
  "lockfileVersion": 3,
  "requires": true,
  "packages": {
    "": {
      "name": "parquet-test",
      "version": "1.0.0",
      "license": "ISC",
      "dependencies": {
        "hyparquet": "^1.30.0",
        "hyparquet-compressors": "^1.1.1"
      }
    },
    "node_modules/fzstd": {
      "version": "0.1.1",
      "resolved": "https://registry.npmjs.org/fzstd/-/fzstd-0.1.1.tgz",
      "integrity": "sha512-dkuVSOKKwh3eas5VkJy1AW1vFpet8TA/fGmVA5krThl8YcOVE/8ZIoEA1+U1vEn5ckxxhLirSdY837azmbaNHA==",
      "license": "MIT"
    },
    "node_modules/hyparquet": {
      "version": "1.30.0",
      "resolved": "https://registry.npmjs.org/hyparquet/-/hyparquet-1.30.0.tgz",
      "integrity": "sha512-HlvW+Luuo2RtvTzDnTJN4F2rXxKQMcmAVNnT1khytf1MR/vDS6ALeYyWwbU1X9rrOLLIG0fjRa0Y5q3XxvOXdA==",
      "license": "MIT"
    },
    "node_modules/hyparquet-compressors": {
      "version": "1.1.1",
      "resolved": "https://registry.npmjs.org/hyparquet-compressors/-/hyparquet-compressors-1.1.1.tgz",
      "integrity": "sha512-yx7aA3Rhj0YycbdV71+XznQSLAefa4cT0urpgNXy4aM6eSeCknaVDNne8y45Uz74Fb15yyXUzOStlceOJBan7A==",
      "license": "MIT",
      "dependencies": {
        "fzstd": "0.1.1",
        "hysnappy": "1.0.0"
      }
    },
    "node_modules/hysnappy": {
      "version": "1.0.0",
      "resolved": "https://registry.npmjs.org/hysnappy/-/hysnappy-1.0.0.tgz",
      "integrity": "sha512-MNrC4NfwDGPb889O6gIfEtbvEZCSWUsSEhsz4Oq2FRcpGtXHfeVz3KciSPp5Pnnz1NjFMgDQNfxdJozymJEDDA==",
      "license": "MIT"
    }
  }
}
